
Microsoft Visual Studio Solution File, Format Version 12.00
Project("{FAE04EC0-301F-11D3-BF4B-00C04F79EFBC}") = "NetCore.Web", "NetCore.Web\NetCore.Web.csproj", "{43374D9D-534F-49DF-80F8-98E788FFC6C2}"
EndProject
Project("{FAE04EC0-301F-11D3-BF4B-00C04F79EFBC}") = "NetCore.Services", "NetCore.Services\NetCore.Services.csproj", "{38735116-5A53-411B-886C-6D630CEA272B}"
EndProject
Project("{FAE04EC0-301F-11D3-BF4B-00C04F79EFBC}") = "NetCore.Data", "NetCore.Data\NetCore.Data.csproj", "{8F4B51A1-0449-4336-A124-ED9F7C98EE90}"
EndProject
Project("{FAE04EC0-301F-11D3-BF4B-00C04F79EFBC}") = "NetCore.DataBase", "NetCore.DataBase\NetCore.DataBase.csproj", "{A4978CB7-419C-4087-8A0D-D089608DA9F5}"
EndProject
Project("{FAE04EC0-301F-11D3-BF4B-00C04F79EFBC}") = "NetCore.Utilities", "NetCore.Utilities\NetCore.Utilities.csproj", "{7219099A-EA16-425F-B7B9-F9BC85F83979}"
EndProject
Global
	GlobalSection(SolutionConfigurationPlatforms) = preSolution
		Debug|Any CPU = Debug|Any CPU
		Release|Any CPU = Release|Any CPU
	EndGlobalSection
	GlobalSection(ProjectConfigurationPlatforms) = postSolution
		{43374D9D-534F-49DF-80F8-98E788FFC6C2}.Debug|Any CPU.ActiveCfg = Debug|Any CPU
		{43374D9D-534F-49DF-80F8-98E788FFC6C2}.Debug|Any CPU.Build.0 = Debug|Any CPU
		{43374D9D-534F-49DF-80F8-98E788FFC6C2}.Release|Any CPU.ActiveCfg = Release|Any CPU
		{43374D9D-534F-49DF-80F8-98E788FFC6C2}.Release|Any CPU.Build.0 = Release|Any CPU
		{38735116-5A53-411B-886C-6D630CEA272B}.Debug|Any CPU.ActiveCfg = Debug|Any CPU
		{38735116-5A53-411B-886C-6D630CEA272B}.Debug|Any CPU.Build.0 = Debug|Any CPU
		{38735116-5A53-411B-886C-6D630CEA272B}.Release|Any CPU.ActiveCfg = Release|Any CPU
		{38735116-5A53-411B-886C-6D630CEA272B}.Release|Any CPU.Build.0 = Release|Any CPU
		{8F4B51A1-0449-4336-A124-ED9F7C98EE90}.Debug|Any CPU.ActiveCfg = Debug|Any CPU
		{8F4B51A1-0449-4336-A124-ED9F7C98EE90}.Debug|Any CPU.Build.0 = Debug|Any CPU
		{8F4B51A1-0449-4336-A124-ED9F7C98EE90}.Release|Any CPU.ActiveCfg = Release|Any CPU
		{8F4B51A1-0449-4336-A124-ED9F7C98EE90}.Release|Any CPU.Build.0 = Release|Any CPU
		{A4978CB7-419C-4087-8A0D-D089608DA9F5}.Debug|Any CPU.ActiveCfg = Debug|Any CPU
		{A4978CB7-419C-4087-8A0D-D089608DA9F5}.Debug|Any CPU.Build.0 = Debug|Any CPU
		{A4978CB7-419C-4087-8A0D-D089608DA9F5}.Release|Any CPU.ActiveCfg = Release|Any CPU
		{A4978CB7-419C-4087-8A0D-D089608DA9F5}.Release|Any CPU.Build.0 = Release|Any CPU
		{7219099A-EA16-425F-B7B9-F9BC85F83979}.Debug|Any CPU.ActiveCfg = Debug|Any CPU
		{7219099A-EA16-425F-B7B9-F9BC85F83979}.Debug|Any CPU.Build.0 = Debug|Any CPU
		{7219099A-EA16-425F-B7B9-F9BC85F83979}.Release|Any CPU.ActiveCfg = Release|Any CPU
		{7219099A-EA16-425F-B7B9-F9BC85F83979}.Release|Any CPU.Build.0 = Release|Any CPU
	EndGlobalSection
EndGlobal
